
Microsoft Visual Studio Solution File, Format Version 12.00
# Visual Studio 2012
Project("{FAE04EC0-301F-11D3-BF4B-00C04F79EFBC}") = "RepositoryService", "RepositoryService\RepositoryService.csproj", "{F377235C-C6A0-4E2E-A199-BB1216EFFD3A}"
EndProject
Global
	GlobalSection(SolutionConfigurationPlatforms) = preSolution
		Debug|Any CPU = Debug|Any CPU
		Release|Any CPU = Release|Any CPU
	EndGlobalSection
	GlobalSection(ProjectConfigurationPlatforms) = postSolution
		{F377235C-C6A0-4E2E-A199-BB1216EFFD3A}.Debug|Any CPU.ActiveCfg = Debug|Any CPU
		{F377235C-C6A0-4E2E-A199-BB1216EFFD3A}.Debug|Any CPU.Build.0 = Debug|Any CPU
		{F377235C-C6A0-4E2E-A199-BB1216EFFD3A}.Release|Any CPU.ActiveCfg = Release|Any CPU
		{F377235C-C6A0-4E2E-A199-BB1216EFFD3A}.Release|Any CPU.Build.0 = Release|Any CPU
	EndGlobalSection
	GlobalSection(SolutionProperties) = preSolution
		HideSolutionNode = FALSE
	EndGlobalSection
EndGlobal
